<?xml version="1.0" encoding="utf-8"?>
<Project ToolsVersion="4.0" xmlns="http://schemas.microsoft.com/developer/msbuild/2003">
  <ItemGroup>
    <Filter Include="源文件">
      <UniqueIdentifier>{4FC737F1-C7A5-4376-A066-2A32D752A2FF}</UniqueIdentifier>
      <Extensions>cpp;c;cc;cxx;c++;cppm;ixx;def;odl;idl;hpj;bat;asm;asmx</Extensions>
    </Filter>
    <Filter Include="头文件">
      <UniqueIdentifier>{93995380-89BD-4b04-88EB-625FBE52EBFB}</UniqueIdentifier>
      <Extensions>h;hh;hpp;hxx;h++;hm;inl;inc;ipp;xsd</Extensions>
    </Filter>
    <Filter Include="资源文件">
      <UniqueIdentifier>{67DA6AB6-F800-4c08-8B7A-83BB121AAD01}</UniqueIdentifier>
      <Extensions>rc;ico;cur;bmp;dlg;rc2;rct;bin;rgs;gif;jpg;jpeg;jpe;resx;tiff;tif;png;wav;mfcribbon-ms</Extensions>
    </Filter>
    <Filter Include="头文件\stb">
      <UniqueIdentifier>{78a200b9-3e54-437d-8b71-dbddd30bd0fe}</UniqueIdentifier>
    </Filter>
  </ItemGroup>
  <ItemGroup>
    <ClInclude Include="Matrix\include\matrix.h">
      <Filter>头文件</Filter>
    </ClInclude>
    <ClInclude Include="Matrix\include\vector.h">
      <Filter>头文件</Filter>
    </ClInclude>
    <ClInclude Include="Test\include\printer.h">
      <Filter>头文件</Filter>
    </ClInclude>
    <ClInclude Include="Util\include\time_utility.h">
      <Filter>头文件</Filter>
    </ClInclude>
    <ClInclude Include="Device\include\image_screen.h">
      <Filter>头文件</Filter>
    </ClInclude>
    <ClInclude Include="Device\include\screen.h">
      <Filter>头文件</Filter>
    </ClInclude>
    <ClInclude Include="Test\include\test_sets.h">
      <Filter>头文件</Filter>
    </ClInclude>
    <ClInclude Include="Rasterizer\include\clipper.h">
      <Filter>头文件</Filter>
    </ClInclude>
    <ClInclude Include="Rasterizer\include\camera.h">
      <Filter>头文件</Filter>
    </ClInclude>
    <ClInclude Include="Rasterizer\include\rasterizer.h">
      <Filter>头文件</Filter>
    </ClInclude>
    <ClInclude Include="Rasterizer\include\mesh_data.h">
      <Filter>头文件</Filter>
    </ClInclude>
    <ClInclude Include="Rasterizer\include\mesh_data_loader.h">
      <Filter>头文件</Filter>
    </ClInclude>
    <ClInclude Include="Rasterizer\include\renderer.h">
      <Filter>头文件</Filter>
    </ClInclude>
    <ClInclude Include="Rasterizer\include\vertex_data.h">
      <Filter>头文件</Filter>
    </ClInclude>
    <ClInclude Include="Rasterizer\include\mesh.h">
      <Filter>头文件</Filter>
    </ClInclude>
    <ClInclude Include="Shader\shader_base.h">
      <Filter>头文件</Filter>
    </ClInclude>
    <ClInclude Include="Shader\shader_pipeline.h">
      <Filter>头文件</Filter>
    </ClInclude>
    <ClInclude Include="Shader\shader_test.h">
      <Filter>头文件</Filter>
    </ClInclude>
    <ClInclude Include="Shader\shader_common_types.h">
      <Filter>头文件</Filter>
    </ClInclude>
    <ClInclude Include="Rasterizer\include\texture.h">
      <Filter>头文件</Filter>
    </ClInclude>
    <ClInclude Include="Shader\shader_trivial.h">
      <Filter>头文件</Filter>
    </ClInclude>
    <ClInclude Include="Shader\shader_blinn_phong.h">
      <Filter>头文件</Filter>
    </ClInclude>
    <ClInclude Include="Shader\shader_cache_type_traits.h">
      <Filter>头文件</Filter>
    </ClInclude>
    <ClInclude Include="Shader\shader_pbr.h">
      <Filter>头文件</Filter>
    </ClInclude>
  </ItemGroup>
  <ItemGroup>
    <ClCompile Include="Test\main.cpp">
      <Filter>源文件</Filter>
    </ClCompile>
    <ClCompile Include="Test\printer.cpp">
      <Filter>源文件</Filter>
    </ClCompile>
    <ClCompile Include="Util\time_utility.cpp">
      <Filter>源文件</Filter>
    </ClCompile>
    <ClCompile Include="Device\image_screen.cpp">
      <Filter>源文件</Filter>
    </ClCompile>
    <ClCompile Include="Device\screen.cpp">
      <Filter>源文件</Filter>
    </ClCompile>
    <ClCompile Include="Test\test_sets.cpp">
      <Filter>源文件</Filter>
    </ClCompile>
    <ClCompile Include="Rasterizer\clipper.cpp">
      <Filter>源文件</Filter>
    </ClCompile>
    <ClCompile Include="Rasterizer\camera.cpp">
      <Filter>源文件</Filter>
    </ClCompile>
    <ClCompile Include="Rasterizer\rasterizer.cpp">
      <Filter>源文件</Filter>
    </ClCompile>
    <ClCompile Include="Rasterizer\mesh_data.cpp">
      <Filter>源文件</Filter>
    </ClCompile>
    <ClCompile Include="Rasterizer\mesh_data_loader.cpp">
      <Filter>源文件</Filter>
    </ClCompile>
    <ClCompile Include="Rasterizer\renderer.cpp">
      <Filter>源文件</Filter>
    </ClCompile>
    <ClCompile Include="Rasterizer\vertex_data.cpp">
      <Filter>源文件</Filter>
    </ClCompile>
    <ClCompile Include="Rasterizer\mesh.cpp">
      <Filter>源文件</Filter>
    </ClCompile>
    <ClCompile Include="Shader\shader_base.cpp">
      <Filter>源文件</Filter>
    </ClCompile>
    <ClCompile Include="Shader\shader_pipeline.cpp">
      <Filter>源文件</Filter>
    </ClCompile>
    <ClCompile Include="Shader\shader_test.cpp">
      <Filter>源文件</Filter>
    </ClCompile>
    <ClCompile Include="Rasterizer\render_test.cpp">
      <Filter>源文件</Filter>
    </ClCompile>
    <ClCompile Include="Rasterizer\texture.cpp">
      <Filter>源文件</Filter>
    </ClCompile>
    <ClCompile Include="Shader\shader_trivial.cpp">
      <Filter>源文件</Filter>
    </ClCompile>
    <ClCompile Include="Shader\shader_blinn_phong.cpp">
      <Filter>源文件</Filter>
    </ClCompile>
    <ClCompile Include="Shader\shader_pbr.cpp">
      <Filter>源文件</Filter>
    </ClCompile>
  </ItemGroup>
</Project>